
Microsoft Visual Studio Solution File, Format Version 12.00
# Visual Studio Version 17
VisualStudioVersion = 17.8.34330.188
MinimumVisualStudioVersion = 10.0.40219.1
Project("{FAE04EC0-301F-11D3-BF4B-00C04F79EFBC}") = "SchoolQuery", "SchoolQuery.csproj", "{6B4BBBC7-3592-4BB2-8EB0-20FBBB6AAE7A}"
EndProject
Global
	GlobalSection(SolutionConfigurationPlatforms) = preSolution
		Debug|Any CPU = Debug|Any CPU
		Release|Any CPU = Release|Any CPU
	EndGlobalSection
	GlobalSection(ProjectConfigurationPlatforms) = postSolution
		{6B4BBBC7-3592-4BB2-8EB0-20FBBB6AAE7A}.Debug|Any CPU.ActiveCfg = Debug|Any CPU
		{6B4BBBC7-3592-4BB2-8EB0-20FBBB6AAE7A}.Debug|Any CPU.Build.0 = Debug|Any CPU
		{6B4BBBC7-3592-4BB2-8EB0-20FBBB6AAE7A}.Release|Any CPU.ActiveCfg = Release|Any CPU
		{6B4BBBC7-3592-4BB2-8EB0-20FBBB6AAE7A}.Release|Any CPU.Build.0 = Release|Any CPU
	EndGlobalSection
	GlobalSection(SolutionProperties) = preSolution
		HideSolutionNode = FALSE
	EndGlobalSection
	GlobalSection(ExtensibilityGlobals) = postSolution
		SolutionGuid = {7C9F9C25-3C83-4815-B1DE-C58C46D6B92B}
	EndGlobalSection
EndGlobal
